
Microsoft Visual Studio Solution File, Format Version 12.00
# Visual Studio Version 16
VisualStudioVersion = 16.0.30104.148
MinimumVisualStudioVersion = 10.0.40219.1
Project("{8BC9CEB8-8B4A-11D0-8D11-00A0C91BC942}") = "Spaceship Movement", "Spaceship Movement\Spaceship Movement.vcxproj", "{4853986F-8F07-4004-9A08-EA71031FA913}"
EndProject
Global
	GlobalSection(SolutionConfigurationPlatforms) = preSolution
		Debug|x64 = Debug|x64
		Debug|x86 = Debug|x86
		Release|x64 = Release|x64
		Release|x86 = Release|x86
	EndGlobalSection
	GlobalSection(ProjectConfigurationPlatforms) = postSolution
		{4853986F-8F07-4004-9A08-EA71031FA913}.Debug|x64.ActiveCfg = Debug|x64
		{4853986F-8F07-4004-9A08-EA71031FA913}.Debug|x64.Build.0 = Debug|x64
		{4853986F-8F07-4004-9A08-EA71031FA913}.Debug|x86.ActiveCfg = Debug|Win32
		{4853986F-8F07-4004-9A08-EA71031FA913}.Debug|x86.Build.0 = Debug|Win32
		{4853986F-8F07-4004-9A08-EA71031FA913}.Release|x64.ActiveCfg = Release|x64
		{4853986F-8F07-4004-9A08-EA71031FA913}.Release|x64.Build.0 = Release|x64
		{4853986F-8F07-4004-9A08-EA71031FA913}.Release|x86.ActiveCfg = Release|Win32
		{4853986F-8F07-4004-9A08-EA71031FA913}.Release|x86.Build.0 = Release|Win32
	EndGlobalSection
	GlobalSection(SolutionProperties) = preSolution
		HideSolutionNode = FALSE
	EndGlobalSection
	GlobalSection(ExtensibilityGlobals) = postSolution
		SolutionGuid = {DB0DBD21-5541-4CB5-8184-6174CA4C85BC}
	EndGlobalSection
EndGlobal
